PODS:
  - ActionSheetPicker-3.0 (2.7.1)
  - Alamofire (5.6.4)
  - IQKeyboardManagerSwift (6.5.10)
  - KRActivityIndicatorView (3.0.7)
  - KRProgressHUD (3.4.7):
    - KRActivityIndicatorView (= 3.0.7)
  - Nuke (10.7.1)
  - ObjectMapper (4.2.0)
  - TextFieldEffects (1.6.0)

DEPENDENCIES:
  - ActionSheetPicker-3.0
  - Alamofire
  - IQKeyboardManagerSwift
  - KRProgressHUD
  - Nuke
  - ObjectMapper
  - TextFieldEffects

SPEC REPOS:
  trunk:
    - ActionSheetPicker-3.0
    - Alamofire
    - IQKeyboardManagerSwift
    - KRActivityIndicatorView
    - KRProgressHUD
    - Nuke
    - ObjectMapper
    - TextFieldEffects

SPEC CHECKSUMS:
  ActionSheetPicker-3.0: 36da254b97a09ff89679ecb8b8510bd3e5bdc773
  Alamofire: 4e95d97098eacb88856099c4fc79b526a299e48c
  IQKeyboardManagerSwift: 52962c76ab33532f15ad9f3ff4e5715eda5335bb
  KRActivityIndicatorView: ad69e89c4ce40c986cf580595be4829dcad0e35a
  KRProgressHUD: a248f0bc6c9c2aed40a37b76e03ffecc7f85c887
  Nuke: 279f17a599fd1c83cf51de5e0e1f2db143a287b0
  ObjectMapper: 1eb41f610210777375fa806bf161dc39fb832b81
  TextFieldEffects: 529b8aff706fb40f82c41c780c0777941a893796

PODFILE CHECKSUM: 78860a4270b99d7a06bef6e292ed5365e4db8bef

COCOAPODS: 1.11.3
